
Microsoft Visual Studio Solution File, Format Version 12.00
# Visual Studio Version 16
VisualStudioVersion = 16.0.30523.141
MinimumVisualStudioVersion = 10.0.40219.1
Project("{2150E333-8FDC-42A3-9474-1A3956D46DE8}") = "Inheritance", "Inheritance", "{06369695-5AB7-4C57-89FA-50E92BD9A878}"
EndProject
Project("{9A19103F-16F7-4668-BE54-9A1E7A4F7556}") = "Person", "Inheritance\Person\Person.csproj", "{DD45B404-3F51-4011-9811-76279AD9DE78}"
EndProject
Project("{9A19103F-16F7-4668-BE54-9A1E7A4F7556}") = "Animals", "Inheritance\Animals\Animals.csproj", "{6C283520-180B-4C1F-8A99-E13D9732DCFE}"
EndProject
Project("{9A19103F-16F7-4668-BE54-9A1E7A4F7556}") = "NeedForSpeed", "Inheritance\NeedForSpeed\NeedForSpeed.csproj", "{E26CD44E-3C28-402F-888E-A1EAE89C1AED}"
EndProject
Project("{9A19103F-16F7-4668-BE54-9A1E7A4F7556}") = "PlayersAndMonsters", "Inheritance\PlayersAndMonsters\PlayersAndMonsters.csproj", "{A3F9B039-B758-466A-A313-653A083D987F}"
EndProject
Project("{9A19103F-16F7-4668-BE54-9A1E7A4F7556}") = "Restaurant", "Inheritance\Restaurant\Restaurant.csproj", "{9D1BEADF-FCD8-4347-9BCF-49F78E106E0B}"
EndProject
Project("{9A19103F-16F7-4668-BE54-9A1E7A4F7556}") = "Zoo", "Inheritance\Zoo\Zoo.csproj", "{E610B7A3-3330-4172-AE94-26D8FA62CD2A}"
EndProject
Project("{2150E333-8FDC-42A3-9474-1A3956D46DE8}") = "Encapsulation", "Encapsulation", "{8643B6B3-7FDE-4554-95D1-09CB0FC4B806}"
EndProject
Project("{9A19103F-16F7-4668-BE54-9A1E7A4F7556}") = "AnimalFarm", "Encapsulation\AnimalFarm\AnimalFarm\AnimalFarm.csproj", "{C2382BCA-1723-4B57-AC6E-B0117D86BA3A}"
EndProject
Project("{9A19103F-16F7-4668-BE54-9A1E7A4F7556}") = "ClassBoxData", "Encapsulation\ClassBoxData\ClassBoxData.csproj", "{AF633302-323F-4CAF-80CF-AC372C9320CF}"
EndProject
Project("{9A19103F-16F7-4668-BE54-9A1E7A4F7556}") = "ShoppingSpree", "Encapsulation\ShoppingSpree\ShoppingSpree.csproj", "{57B21664-E470-494D-8B86-8F40BA46AB78}"
EndProject
Project("{9A19103F-16F7-4668-BE54-9A1E7A4F7556}") = "FootballTeamGenerator", "Encapsulation\FootballTeamGenerator\FootballTeamGenerator.csproj", "{87B5463B-9EC0-46D0-9D49-077DCA60BC69}"
EndProject
Project("{9A19103F-16F7-4668-BE54-9A1E7A4F7556}") = "PizzaCalories", "Encapsulation\PizzaCalories\PizzaCalories.csproj", "{3B389279-8BA0-40E9-8A3D-A3D35B476D3C}"
EndProject
Project("{2150E333-8FDC-42A3-9474-1A3956D46DE8}") = "Interfaces and Abstraction", "Interfaces and Abstraction", "{619E3168-7BF8-449F-A5FA-F3284E53B63F}"
EndProject
Project("{9A19103F-16F7-4668-BE54-9A1E7A4F7556}") = "DefineAnInterfaceIPerson", "Interfaces and Abstraction\DefineAnInterfaceIPerson\DefineAnInterfaceIPerson.csproj", "{D7686FFC-1246-454E-8DB2-F1FA71C7FC14}"
EndProject
Project("{9A19103F-16F7-4668-BE54-9A1E7A4F7556}") = "MultipleImplementation", "Interfaces and Abstraction\MultipleImplementation\MultipleImplementation.csproj", "{7E2A1C62-AFB3-42CE-98A0-76ACDF543AA7}"
EndProject
Project("{9A19103F-16F7-4668-BE54-9A1E7A4F7556}") = "PersonInfo", "Interfaces and Abstraction\PersonInfo\PersonInfo.csproj", "{9F6FE679-369C-4109-845C-20E6374D9168}"
EndProject
Project("{9A19103F-16F7-4668-BE54-9A1E7A4F7556}") = "Telephony", "Interfaces and Abstraction\Telephony\Telephony.csproj", "{B3B06467-964F-4F0D-8D35-B64A80663ADE}"
EndProject
Project("{9A19103F-16F7-4668-BE54-9A1E7A4F7556}") = "MilitaryElite", "Interfaces and Abstraction\MilitaryElite\MilitaryElite.csproj", "{5DA7CE61-24AB-42B4-A3E9-176A36E48AC0}"
EndProject
Project("{9A19103F-16F7-4668-BE54-9A1E7A4F7556}") = "BorderControl", "Interfaces and Abstraction\BorderControl\BorderControl.csproj", "{88A57833-ACE4-46A2-AB3B-32F02B8FE36A}"
EndProject
Project("{2150E333-8FDC-42A3-9474-1A3956D46DE8}") = "Polymorphism", "Polymorphism", "{97CB580C-67E5-4164-BF11-B45C039A12BA}"
EndProject
Project("{FAE04EC0-301F-11D3-BF4B-00C04F79EFBC}") = "Vehicles", "Polymorphism\Vehicles\Vehicles.csproj", "{622F1573-E197-4950-8407-8F7E137DC5F7}"
EndProject
Project("{FAE04EC0-301F-11D3-BF4B-00C04F79EFBC}") = "WildFarm", "Polymorphism\WildFarm\WildFarm.csproj", "{16044272-F1D7-4894-A473-4779A66BC27D}"
EndProject
Global
	GlobalSection(SolutionConfigurationPlatforms) = preSolution
		Debug|Any CPU = Debug|Any CPU
		Release|Any CPU = Release|Any CPU
	EndGlobalSection
	GlobalSection(ProjectConfigurationPlatforms) = postSolution
		{DD45B404-3F51-4011-9811-76279AD9DE78}.Debug|Any CPU.ActiveCfg = Debug|Any CPU
		{DD45B404-3F51-4011-9811-76279AD9DE78}.Debug|Any CPU.Build.0 = Debug|Any CPU
		{DD45B404-3F51-4011-9811-76279AD9DE78}.Release|Any CPU.ActiveCfg = Release|Any CPU
		{DD45B404-3F51-4011-9811-76279AD9DE78}.Release|Any CPU.Build.0 = Release|Any CPU
		{6C283520-180B-4C1F-8A99-E13D9732DCFE}.Debug|Any CPU.ActiveCfg = Debug|Any CPU
		{6C283520-180B-4C1F-8A99-E13D9732DCFE}.Debug|Any CPU.Build.0 = Debug|Any CPU
		{6C283520-180B-4C1F-8A99-E13D9732DCFE}.Release|Any CPU.ActiveCfg = Release|Any CPU
		{6C283520-180B-4C1F-8A99-E13D9732DCFE}.Release|Any CPU.Build.0 = Release|Any CPU
		{E26CD44E-3C28-402F-888E-A1EAE89C1AED}.Debug|Any CPU.ActiveCfg = Debug|Any CPU
		{E26CD44E-3C28-402F-888E-A1EAE89C1AED}.Debug|Any CPU.Build.0 = Debug|Any CPU
		{E26CD44E-3C28-402F-888E-A1EAE89C1AED}.Release|Any CPU.ActiveCfg = Release|Any CPU
		{E26CD44E-3C28-402F-888E-A1EAE89C1AED}.Release|Any CPU.Build.0 = Release|Any CPU
		{A3F9B039-B758-466A-A313-653A083D987F}.Debug|Any CPU.ActiveCfg = Debug|Any CPU
		{A3F9B039-B758-466A-A313-653A083D987F}.Debug|Any CPU.Build.0 = Debug|Any CPU
		{A3F9B039-B758-466A-A313-653A083D987F}.Release|Any CPU.ActiveCfg = Release|Any CPU
		{A3F9B039-B758-466A-A313-653A083D987F}.Release|Any CPU.Build.0 = Release|Any CPU
		{9D1BEADF-FCD8-4347-9BCF-49F78E106E0B}.Debug|Any CPU.ActiveCfg = Debug|Any CPU
		{9D1BEADF-FCD8-4347-9BCF-49F78E106E0B}.Debug|Any CPU.Build.0 = Debug|Any CPU
		{9D1BEADF-FCD8-4347-9BCF-49F78E106E0B}.Release|Any CPU.ActiveCfg = Release|Any CPU
		{9D1BEADF-FCD8-4347-9BCF-49F78E106E0B}.Release|Any CPU.Build.0 = Release|Any CPU
		{E610B7A3-3330-4172-AE94-26D8FA62CD2A}.Debug|Any CPU.ActiveCfg = Debug|Any CPU
		{E610B7A3-3330-4172-AE94-26D8FA62CD2A}.Debug|Any CPU.Build.0 = Debug|Any CPU
		{E610B7A3-3330-4172-AE94-26D8FA62CD2A}.Release|Any CPU.ActiveCfg = Release|Any CPU
		{E610B7A3-3330-4172-AE94-26D8FA62CD2A}.Release|Any CPU.Build.0 = Release|Any CPU
		{C2382BCA-1723-4B57-AC6E-B0117D86BA3A}.Debug|Any CPU.ActiveCfg = Debug|Any CPU
		{C2382BCA-1723-4B57-AC6E-B0117D86BA3A}.Debug|Any CPU.Build.0 = Debug|Any CPU
		{C2382BCA-1723-4B57-AC6E-B0117D86BA3A}.Release|Any CPU.ActiveCfg = Release|Any CPU
		{C2382BCA-1723-4B57-AC6E-B0117D86BA3A}.Release|Any CPU.Build.0 = Release|Any CPU
		{AF633302-323F-4CAF-80CF-AC372C9320CF}.Debug|Any CPU.ActiveCfg = Debug|Any CPU
		{AF633302-323F-4CAF-80CF-AC372C9320CF}.Debug|Any CPU.Build.0 = Debug|Any CPU
		{AF633302-323F-4CAF-80CF-AC372C9320CF}.Release|Any CPU.ActiveCfg = Release|Any CPU
		{AF633302-323F-4CAF-80CF-AC372C9320CF}.Release|Any CPU.Build.0 = Release|Any CPU
		{57B21664-E470-494D-8B86-8F40BA46AB78}.Debug|Any CPU.ActiveCfg = Debug|Any CPU
		{57B21664-E470-494D-8B86-8F40BA46AB78}.Debug|Any CPU.Build.0 = Debug|Any CPU
		{57B21664-E470-494D-8B86-8F40BA46AB78}.Release|Any CPU.ActiveCfg = Release|Any CPU
		{57B21664-E470-494D-8B86-8F40BA46AB78}.Release|Any CPU.Build.0 = Release|Any CPU
		{87B5463B-9EC0-46D0-9D49-077DCA60BC69}.Debug|Any CPU.ActiveCfg = Debug|Any CPU
		{87B5463B-9EC0-46D0-9D49-077DCA60BC69}.Debug|Any CPU.Build.0 = Debug|Any CPU
		{87B5463B-9EC0-46D0-9D49-077DCA60BC69}.Release|Any CPU.ActiveCfg = Release|Any CPU
		{87B5463B-9EC0-46D0-9D49-077DCA60BC69}.Release|Any CPU.Build.0 = Release|Any CPU
		{3B389279-8BA0-40E9-8A3D-A3D35B476D3C}.Debug|Any CPU.ActiveCfg = Debug|Any CPU
		{3B389279-8BA0-40E9-8A3D-A3D35B476D3C}.Debug|Any CPU.Build.0 = Debug|Any CPU
		{3B389279-8BA0-40E9-8A3D-A3D35B476D3C}.Release|Any CPU.ActiveCfg = Release|Any CPU
		{3B389279-8BA0-40E9-8A3D-A3D35B476D3C}.Release|Any CPU.Build.0 = Release|Any CPU
		{D7686FFC-1246-454E-8DB2-F1FA71C7FC14}.Debug|Any CPU.ActiveCfg = Debug|Any CPU
		{D7686FFC-1246-454E-8DB2-F1FA71C7FC14}.Debug|Any CPU.Build.0 = Debug|Any CPU
		{D7686FFC-1246-454E-8DB2-F1FA71C7FC14}.Release|Any CPU.ActiveCfg = Release|Any CPU
		{D7686FFC-1246-454E-8DB2-F1FA71C7FC14}.Release|Any CPU.Build.0 = Release|Any CPU
		{7E2A1C62-AFB3-42CE-98A0-76ACDF543AA7}.Debug|Any CPU.ActiveCfg = Debug|Any CPU
		{7E2A1C62-AFB3-42CE-98A0-76ACDF543AA7}.Debug|Any CPU.Build.0 = Debug|Any CPU
		{7E2A1C62-AFB3-42CE-98A0-76ACDF543AA7}.Release|Any CPU.ActiveCfg = Release|Any CPU
		{7E2A1C62-AFB3-42CE-98A0-76ACDF543AA7}.Release|Any CPU.Build.0 = Release|Any CPU
		{9F6FE679-369C-4109-845C-20E6374D9168}.Debug|Any CPU.ActiveCfg = Debug|Any CPU
		{9F6FE679-369C-4109-845C-20E6374D9168}.Debug|Any CPU.Build.0 = Debug|Any CPU
		{9F6FE679-369C-4109-845C-20E6374D9168}.Release|Any CPU.ActiveCfg = Release|Any CPU
		{9F6FE679-369C-4109-845C-20E6374D9168}.Release|Any CPU.Build.0 = Release|Any CPU
		{B3B06467-964F-4F0D-8D35-B64A80663ADE}.Debug|Any CPU.ActiveCfg = Debug|Any CPU
		{B3B06467-964F-4F0D-8D35-B64A80663ADE}.Debug|Any CPU.Build.0 = Debug|Any CPU
		{B3B06467-964F-4F0D-8D35-B64A80663ADE}.Release|Any CPU.ActiveCfg = Release|Any CPU
		{B3B06467-964F-4F0D-8D35-B64A80663ADE}.Release|Any CPU.Build.0 = Release|Any CPU
		{5DA7CE61-24AB-42B4-A3E9-176A36E48AC0}.Debug|Any CPU.ActiveCfg = Debug|Any CPU
		{5DA7CE61-24AB-42B4-A3E9-176A36E48AC0}.Debug|Any CPU.Build.0 = Debug|Any CPU
		{5DA7CE61-24AB-42B4-A3E9-176A36E48AC0}.Release|Any CPU.ActiveCfg = Release|Any CPU
		{5DA7CE61-24AB-42B4-A3E9-176A36E48AC0}.Release|Any CPU.Build.0 = Release|Any CPU
		{88A57833-ACE4-46A2-AB3B-32F02B8FE36A}.Debug|Any CPU.ActiveCfg = Debug|Any CPU
		{88A57833-ACE4-46A2-AB3B-32F02B8FE36A}.Debug|Any CPU.Build.0 = Debug|Any CPU
		{88A57833-ACE4-46A2-AB3B-32F02B8FE36A}.Release|Any CPU.ActiveCfg = Release|Any CPU
		{88A57833-ACE4-46A2-AB3B-32F02B8FE36A}.Release|Any CPU.Build.0 = Release|Any CPU
		{622F1573-E197-4950-8407-8F7E137DC5F7}.Debug|Any CPU.ActiveCfg = Debug|Any CPU
		{622F1573-E197-4950-8407-8F7E137DC5F7}.Debug|Any CPU.Build.0 = Debug|Any CPU
		{622F1573-E197-4950-8407-8F7E137DC5F7}.Release|Any CPU.ActiveCfg = Release|Any CPU
		{622F1573-E197-4950-8407-8F7E137DC5F7}.Release|Any CPU.Build.0 = Release|Any CPU
		{16044272-F1D7-4894-A473-4779A66BC27D}.Debug|Any CPU.ActiveCfg = Debug|Any CPU
		{16044272-F1D7-4894-A473-4779A66BC27D}.Debug|Any CPU.Build.0 = Debug|Any CPU
		{16044272-F1D7-4894-A473-4779A66BC27D}.Release|Any CPU.ActiveCfg = Release|Any CPU
		{16044272-F1D7-4894-A473-4779A66BC27D}.Release|Any CPU.Build.0 = Release|Any CPU
	EndGlobalSection
	GlobalSection(SolutionProperties) = preSolution
		HideSolutionNode = FALSE
	EndGlobalSection
	GlobalSection(NestedProjects) = preSolution
		{DD45B404-3F51-4011-9811-76279AD9DE78} = {06369695-5AB7-4C57-89FA-50E92BD9A878}
		{6C283520-180B-4C1F-8A99-E13D9732DCFE} = {06369695-5AB7-4C57-89FA-50E92BD9A878}
		{E26CD44E-3C28-402F-888E-A1EAE89C1AED} = {06369695-5AB7-4C57-89FA-50E92BD9A878}
		{A3F9B039-B758-466A-A313-653A083D987F} = {06369695-5AB7-4C57-89FA-50E92BD9A878}
		{9D1BEADF-FCD8-4347-9BCF-49F78E106E0B} = {06369695-5AB7-4C57-89FA-50E92BD9A878}
		{E610B7A3-3330-4172-AE94-26D8FA62CD2A} = {06369695-5AB7-4C57-89FA-50E92BD9A878}
		{C2382BCA-1723-4B57-AC6E-B0117D86BA3A} = {8643B6B3-7FDE-4554-95D1-09CB0FC4B806}
		{AF633302-323F-4CAF-80CF-AC372C9320CF} = {8643B6B3-7FDE-4554-95D1-09CB0FC4B806}
		{57B21664-E470-494D-8B86-8F40BA46AB78} = {8643B6B3-7FDE-4554-95D1-09CB0FC4B806}
		{87B5463B-9EC0-46D0-9D49-077DCA60BC69} = {8643B6B3-7FDE-4554-95D1-09CB0FC4B806}
		{3B389279-8BA0-40E9-8A3D-A3D35B476D3C} = {8643B6B3-7FDE-4554-95D1-09CB0FC4B806}
		{D7686FFC-1246-454E-8DB2-F1FA71C7FC14} = {619E3168-7BF8-449F-A5FA-F3284E53B63F}
		{7E2A1C62-AFB3-42CE-98A0-76ACDF543AA7} = {619E3168-7BF8-449F-A5FA-F3284E53B63F}
		{9F6FE679-369C-4109-845C-20E6374D9168} = {619E3168-7BF8-449F-A5FA-F3284E53B63F}
		{B3B06467-964F-4F0D-8D35-B64A80663ADE} = {619E3168-7BF8-449F-A5FA-F3284E53B63F}
		{5DA7CE61-24AB-42B4-A3E9-176A36E48AC0} = {619E3168-7BF8-449F-A5FA-F3284E53B63F}
		{88A57833-ACE4-46A2-AB3B-32F02B8FE36A} = {619E3168-7BF8-449F-A5FA-F3284E53B63F}
		{622F1573-E197-4950-8407-8F7E137DC5F7} = {97CB580C-67E5-4164-BF11-B45C039A12BA}
		{16044272-F1D7-4894-A473-4779A66BC27D} = {97CB580C-67E5-4164-BF11-B45C039A12BA}
	EndGlobalSection
	GlobalSection(ExtensibilityGlobals) = postSolution
		SolutionGuid = {398003F2-FEFC-46CD-8380-85924130F2DD}
	EndGlobalSection
EndGlobal
