
Microsoft Visual Studio Solution File, Format Version 12.00
# Visual Studio Version 16
VisualStudioVersion = 16.0.30523.141
MinimumVisualStudioVersion = 10.0.40219.1
Project("{2150E333-8FDC-42A3-9474-1A3956D46DE8}") = "Inheritance", "Inheritance", "{06369695-5AB7-4C57-89FA-50E92BD9A878}"
EndProject
Project("{9A19103F-16F7-4668-BE54-9A1E7A4F7556}") = "Person", "Inheritance\Person\Person.csproj", "{DD45B404-3F51-4011-9811-76279AD9DE78}"
EndProject
Project("{9A19103F-16F7-4668-BE54-9A1E7A4F7556}") = "Animals", "Inheritance\Animals\Animals.csproj", "{6C283520-180B-4C1F-8A99-E13D9732DCFE}"
EndProject
Project("{9A19103F-16F7-4668-BE54-9A1E7A4F7556}") = "NeedForSpeed", "Inheritance\NeedForSpeed\NeedForSpeed.csproj", "{E26CD44E-3C28-402F-888E-A1EAE89C1AED}"
EndProject
Project("{9A19103F-16F7-4668-BE54-9A1E7A4F7556}") = "PlayersAndMonsters", "Inheritance\PlayersAndMonsters\PlayersAndMonsters.csproj", "{A3F9B039-B758-466A-A313-653A083D987F}"
EndProject
Project("{9A19103F-16F7-4668-BE54-9A1E7A4F7556}") = "Restaurant", "Inheritance\Restaurant\Restaurant.csproj", "{9D1BEADF-FCD8-4347-9BCF-49F78E106E0B}"
EndProject
Project("{9A19103F-16F7-4668-BE54-9A1E7A4F7556}") = "Zoo", "Inheritance\Zoo\Zoo.csproj", "{E610B7A3-3330-4172-AE94-26D8FA62CD2A}"
EndProject
Project("{2150E333-8FDC-42A3-9474-1A3956D46DE8}") = "Encapsulation", "Encapsulation", "{8643B6B3-7FDE-4554-95D1-09CB0FC4B806}"
EndProject
Project("{9A19103F-16F7-4668-BE54-9A1E7A4F7556}") = "AnimalFarm", "Encapsulation\AnimalFarm\AnimalFarm\AnimalFarm.csproj", "{C2382BCA-1723-4B57-AC6E-B0117D86BA3A}"
EndProject
Project("{9A19103F-16F7-4668-BE54-9A1E7A4F7556}") = "ClassBoxData", "Encapsulation\ClassBoxData\ClassBoxData.csproj", "{AF633302-323F-4CAF-80CF-AC372C9320CF}"
EndProject
Project("{9A19103F-16F7-4668-BE54-9A1E7A4F7556}") = "ShoppingSpree", "Encapsulation\ShoppingSpree\ShoppingSpree.csproj", "{57B21664-E470-494D-8B86-8F40BA46AB78}"
EndProject
Project("{9A19103F-16F7-4668-BE54-9A1E7A4F7556}") = "FootballTeamGenerator", "Encapsulation\FootballTeamGenerator\FootballTeamGenerator.csproj", "{87B5463B-9EC0-46D0-9D49-077DCA60BC69}"
EndProject
Project("{9A19103F-16F7-4668-BE54-9A1E7A4F7556}") = "PizzaCalories", "Encapsulation\PizzaCalories\PizzaCalories.csproj", "{3B389279-8BA0-40E9-8A3D-A3D35B476D3C}"
EndProject
Project("{2150E333-8FDC-42A3-9474-1A3956D46DE8}") = "Interfaces and Abstraction", "Interfaces and Abstraction", "{619E3168-7BF8-449F-A5FA-F3284E53B63F}"
EndProject
Project("{9A19103F-16F7-4668-BE54-9A1E7A4F7556}") = "DefineAnInterfaceIPerson", "Interfaces and Abstraction\DefineAnInterfaceIPerson\DefineAnInterfaceIPerson.csproj", "{D7686FFC-1246-454E-8DB2-F1FA71C7FC14}"
EndProject
Project("{9A19103F-16F7-4668-BE54-9A1E7A4F7556}") = "MultipleImplementation", "Interfaces and Abstraction\MultipleImplementation\MultipleImplementation.csproj", "{7E2A1C62-AFB3-42CE-98A0-76ACDF543AA7}"
EndProject
Project("{9A19103F-16F7-4668-BE54-9A1E7A4F7556}") = "PersonInfo", "Interfaces and Abstraction\PersonInfo\PersonInfo.csproj", "{9F6FE679-369C-4109-845C-20E6374D9168}"
EndProject
Project("{9A19103F-16F7-4668-BE54-9A1E7A4F7556}") = "Telephony", "Interfaces and Abstraction\Telephony\Telephony.csproj", "{B3B06467-964F-4F0D-8D35-B64A80663ADE}"
EndProject
Project("{9A19103F-16F7-4668-BE54-9A1E7A4F7556}") = "MilitaryElite", "Interfaces and Abstraction\MilitaryElite\MilitaryElite.csproj", "{5DA7CE61-24AB-42B4-A3E9-176A36E48AC0}"
EndProject
Project("{9A19103F-16F7-4668-BE54-9A1E7A4F7556}") = "BorderControl", "Interfaces and Abstraction\BorderControl\BorderControl.csproj", "{88A57833-ACE4-46A2-AB3B-32F02B8FE36A}"
EndProject
Project("{2150E333-8FDC-42A3-9474-1A3956D46DE8}") = "Polymorphism", "Polymorphism", "{97CB580C-67E5-4164-BF11-B45C039A12BA}"
EndProject
Project("{9A19103F-16F7-4668-BE54-9A1E7A4F7556}") = "Vehicles", "Polymorphism\Vehicles\Vehicles.csproj", "{622F1573-E197-4950-8407-8F7E137DC5F7}"
EndProject
Project("{9A19103F-16F7-4668-BE54-9A1E7A4F7556}") = "WildFarm", "Polymorphism\WildFarm\WildFarm.csproj", "{16044272-F1D7-4894-A473-4779A66BC27D}"
EndProject
Project("{9A19103F-16F7-4668-BE54-9A1E7A4F7556}") = "Raiding", "Polymorphism\Raiding\Raiding.csproj", "{8DC68812-6D3F-4C04-AF96-747B247E02E3}"
EndProject
Project("{2150E333-8FDC-42A3-9474-1A3956D46DE8}") = "SOLID", "SOLID", "{A3024FAD-21F2-409B-B992-EDAB6E0513AC}"
EndProject
Project("{9A19103F-16F7-4668-BE54-9A1E7A4F7556}") = "Logger", "SOLID\Logger\Logger.csproj", "{EF3C404B-6A77-47AA-A136-2B8522A8BAE9}"
EndProject
Project("{9A19103F-16F7-4668-BE54-9A1E7A4F7556}") = "Shapes", "Polymorphism\Shapes\Shapes.csproj", "{24481BFD-9ED0-46E6-933B-4A65BFABB5B7}"
EndProject
Project("{2150E333-8FDC-42A3-9474-1A3956D46DE8}") = "Reflection and Attributes", "Reflection and Attributes", "{6F32739B-0A43-4835-A69F-B43F8F1D4166}"
EndProject
Project("{9A19103F-16F7-4668-BE54-9A1E7A4F7556}") = "CommandPattern", "Reflection and Attributes\CommandPattern\CommandPattern.csproj", "{B0F5EB44-5FAC-4FE9-9023-765FC2A5E009}"
EndProject
Project("{9A19103F-16F7-4668-BE54-9A1E7A4F7556}") = "ValidationAttributes", "Reflection and Attributes\ValidationAttributes\ValidationAttributes.csproj", "{1CF6F8D8-B3E1-4874-ACD0-7A9D3214CAA0}"
EndProject
Project("{2150E333-8FDC-42A3-9474-1A3956D46DE8}") = "Unit Testing", "Unit Testing", "{94171F4E-A070-4F00-9075-F9067F3D93CB}"
EndProject
Project("{9A19103F-16F7-4668-BE54-9A1E7A4F7556}") = "CarManager", "Unit Testing\CarManager\CarManager.csproj", "{D0426F36-0A77-4D43-805C-9BEC77D6A26C}"
EndProject
Project("{9A19103F-16F7-4668-BE54-9A1E7A4F7556}") = "CarManager.Tests", "Unit Testing\CarManager.Tests\CarManager.Tests.csproj", "{B04E4E1C-F6E5-43D0-ACC7-064C792C115C}"
EndProject
Project("{9A19103F-16F7-4668-BE54-9A1E7A4F7556}") = "Database", "Unit Testing\Database\Database.csproj", "{34388996-5FCC-4AA3-9C93-9C85258535BE}"
EndProject
Project("{9A19103F-16F7-4668-BE54-9A1E7A4F7556}") = "Database.Tests", "Unit Testing\Database.Tests\Database.Tests.csproj", "{D310CCAE-3467-4962-8154-B24C788E55DB}"
EndProject
Project("{9A19103F-16F7-4668-BE54-9A1E7A4F7556}") = "DatabaseExtended", "Unit Testing\DatabaseExtended\DatabaseExtended.csproj", "{26A35EE8-37C2-438D-BB79-53F084F62D24}"
EndProject
Project("{9A19103F-16F7-4668-BE54-9A1E7A4F7556}") = "DatabaseExtended.Tests", "Unit Testing\DatabaseExtended.Tests\DatabaseExtended.Tests.csproj", "{22CE601A-1CB4-46C5-9D6C-23F1155345F9}"
EndProject
Project("{9A19103F-16F7-4668-BE54-9A1E7A4F7556}") = "FightingArena", "Unit Testing\FightingArena\FightingArena.csproj", "{8CFAA7D6-3575-4344-991F-0CBE7FE3527C}"
EndProject
Project("{9A19103F-16F7-4668-BE54-9A1E7A4F7556}") = "FightingArena.Tests", "Unit Testing\FightingArena.Tests\FightingArena.Tests.csproj", "{876017A1-2E46-46C2-B2DC-943FE1FFB3F2}"
EndProject
Project("{2150E333-8FDC-42A3-9474-1A3956D46DE8}") = "Test Driven Development", "Test Driven Development", "{F3CE9483-78FA-49A7-8710-96E1EC399D61}"
EndProject
Project("{9A19103F-16F7-4668-BE54-9A1E7A4F7556}") = "Chainblock", "Test Driven Development\Chainblock\Chainblock.csproj", "{02B63C29-FB0B-4D44-A489-6ECEAF7FB52C}"
EndProject
Project("{9A19103F-16F7-4668-BE54-9A1E7A4F7556}") = "Chainblock.Tests", "Test Driven Development\Chainblock.Tests\Chainblock.Tests.csproj", "{C53DA24A-4CF6-4891-BC44-792C13AA4B3C}"
EndProject
Project("{2150E333-8FDC-42A3-9474-1A3956D46DE8}") = "ReflectionDemo", "ReflectionDemo", "{C1B7399C-7A36-4343-A688-0F1099E3B085}"
EndProject
Project("{9A19103F-16F7-4668-BE54-9A1E7A4F7556}") = "01.LoadingAssemblies", "Reflection and Attributes\ReflectionDemo\01.LoadingAssemblies\01.LoadingAssemblies.csproj", "{D4B68107-B529-44B4-8819-4C2EE39FD6D6}"
EndProject
Project("{9A19103F-16F7-4668-BE54-9A1E7A4F7556}") = "01.LoadingAssemblies.Extension", "Reflection and Attributes\ReflectionDemo\01.LoadingAssemblies.Extension\01.LoadingAssemblies.Extension.csproj", "{A02EAC24-6984-40F9-BF62-749764803AF6}"
EndProject
Project("{9A19103F-16F7-4668-BE54-9A1E7A4F7556}") = "02.SystemTypeMethods", "Reflection and Attributes\ReflectionDemo\02.SystemTypeMethods\02.SystemTypeMethods.csproj", "{BACF0BA2-E9FA-4EF1-8F29-66E6565AD7EB}"
EndProject
Project("{9A19103F-16F7-4668-BE54-9A1E7A4F7556}") = "03.InstancesAndInvocations", "Reflection and Attributes\ReflectionDemo\03.InstancesAndInvocations\03.InstancesAndInvocations.csproj", "{1FF3E3C1-5122-4FE8-8B72-3C76788F0D10}"
EndProject
Project("{9A19103F-16F7-4668-BE54-9A1E7A4F7556}") = "04.Generics", "Reflection and Attributes\ReflectionDemo\04.Generics\04.Generics.csproj", "{62892341-6061-49BB-8D66-B3E026EA49BA}"
EndProject
Project("{9A19103F-16F7-4668-BE54-9A1E7A4F7556}") = "05.ReflectionEmit", "Reflection and Attributes\ReflectionDemo\05.ReflectionEmit\05.ReflectionEmit.csproj", "{05ACF154-7647-4992-B709-E28C863C383C}"
EndProject
Project("{9A19103F-16F7-4668-BE54-9A1E7A4F7556}") = "06.ViewEngine", "Reflection and Attributes\ReflectionDemo\06.ViewEngine\06.ViewEngine.csproj", "{A59DA62E-C849-4621-9B13-5E6F0307730D}"
EndProject
Project("{9A19103F-16F7-4668-BE54-9A1E7A4F7556}") = "07.MonoCecil", "Reflection and Attributes\ReflectionDemo\07.MonoCecil\07.MonoCecil.csproj", "{0BAEA719-C164-4835-9F45-CEB83748B227}"
EndProject
Project("{2150E333-8FDC-42A3-9474-1A3956D46DE8}") = "Design Patterns", "Design Patterns", "{735C4063-6403-442F-BE3E-83F1DD61D3C0}"
EndProject
Project("{2150E333-8FDC-42A3-9474-1A3956D46DE8}") = "Creational", "Creational", "{351594C1-F3FF-4DA5-AA1B-224EF7EC97E5}"
EndProject
Project("{9A19103F-16F7-4668-BE54-9A1E7A4F7556}") = "PrototypePattern", "Design Patterns\Prototype\PrototypePattern.csproj", "{9502C5F5-555C-488C-9D57-397CE04B7FEF}"
EndProject
Project("{2150E333-8FDC-42A3-9474-1A3956D46DE8}") = "Strategy", "Strategy", "{C6A01D3A-3614-4B3A-A508-9B5896A664D9}"
EndProject
Project("{9A19103F-16F7-4668-BE54-9A1E7A4F7556}") = "CompositePattern", "Design Patterns\Composite\CompositePattern.csproj", "{3C03A3AB-D92E-48DB-BD57-DACD2C8E88CD}"
EndProject
Project("{2150E333-8FDC-42A3-9474-1A3956D46DE8}") = "Behavioural", "Behavioural", "{7E24FC06-D4DB-4FCD-B53C-DB408598B64A}"
EndProject
Project("{9A19103F-16F7-4668-BE54-9A1E7A4F7556}") = "TemplatePattern", "Design Patterns\Template\TemplatePattern.csproj", "{7F3F88D9-DE3A-4B92-9B1F-FCAF4D080E94}"
EndProject
Project("{2150E333-8FDC-42A3-9474-1A3956D46DE8}") = "Exams", "Exams", "{03D05584-B1F1-41B7-9443-A0AC67715E79}"
EndProject
Project("{2150E333-8FDC-42A3-9474-1A3956D46DE8}") = "Robot Service", "Robot Service", "{FDC5BE17-873F-4B7C-AE71-3C57281E6A07}"
EndProject
Project("{9A19103F-16F7-4668-BE54-9A1E7A4F7556}") = "RobotService", "Exam Preparation\RobotService\RobotService.csproj", "{01359404-48EF-4919-9289-A5C7257635AC}"
EndProject
Global
	GlobalSection(SolutionConfigurationPlatforms) = preSolution
		Debug|Any CPU = Debug|Any CPU
		Release|Any CPU = Release|Any CPU
	EndGlobalSection
	GlobalSection(ProjectConfigurationPlatforms) = postSolution
		{DD45B404-3F51-4011-9811-76279AD9DE78}.Debug|Any CPU.ActiveCfg = Debug|Any CPU
		{DD45B404-3F51-4011-9811-76279AD9DE78}.Debug|Any CPU.Build.0 = Debug|Any CPU
		{DD45B404-3F51-4011-9811-76279AD9DE78}.Release|Any CPU.ActiveCfg = Release|Any CPU
		{DD45B404-3F51-4011-9811-76279AD9DE78}.Release|Any CPU.Build.0 = Release|Any CPU
		{6C283520-180B-4C1F-8A99-E13D9732DCFE}.Debug|Any CPU.ActiveCfg = Debug|Any CPU
		{6C283520-180B-4C1F-8A99-E13D9732DCFE}.Debug|Any CPU.Build.0 = Debug|Any CPU
		{6C283520-180B-4C1F-8A99-E13D9732DCFE}.Release|Any CPU.ActiveCfg = Release|Any CPU
		{6C283520-180B-4C1F-8A99-E13D9732DCFE}.Release|Any CPU.Build.0 = Release|Any CPU
		{E26CD44E-3C28-402F-888E-A1EAE89C1AED}.Debug|Any CPU.ActiveCfg = Debug|Any CPU
		{E26CD44E-3C28-402F-888E-A1EAE89C1AED}.Debug|Any CPU.Build.0 = Debug|Any CPU
		{E26CD44E-3C28-402F-888E-A1EAE89C1AED}.Release|Any CPU.ActiveCfg = Release|Any CPU
		{E26CD44E-3C28-402F-888E-A1EAE89C1AED}.Release|Any CPU.Build.0 = Release|Any CPU
		{A3F9B039-B758-466A-A313-653A083D987F}.Debug|Any CPU.ActiveCfg = Debug|Any CPU
		{A3F9B039-B758-466A-A313-653A083D987F}.Debug|Any CPU.Build.0 = Debug|Any CPU
		{A3F9B039-B758-466A-A313-653A083D987F}.Release|Any CPU.ActiveCfg = Release|Any CPU
		{A3F9B039-B758-466A-A313-653A083D987F}.Release|Any CPU.Build.0 = Release|Any CPU
		{9D1BEADF-FCD8-4347-9BCF-49F78E106E0B}.Debug|Any CPU.ActiveCfg = Debug|Any CPU
		{9D1BEADF-FCD8-4347-9BCF-49F78E106E0B}.Debug|Any CPU.Build.0 = Debug|Any CPU
		{9D1BEADF-FCD8-4347-9BCF-49F78E106E0B}.Release|Any CPU.ActiveCfg = Release|Any CPU
		{9D1BEADF-FCD8-4347-9BCF-49F78E106E0B}.Release|Any CPU.Build.0 = Release|Any CPU
		{E610B7A3-3330-4172-AE94-26D8FA62CD2A}.Debug|Any CPU.ActiveCfg = Debug|Any CPU
		{E610B7A3-3330-4172-AE94-26D8FA62CD2A}.Debug|Any CPU.Build.0 = Debug|Any CPU
		{E610B7A3-3330-4172-AE94-26D8FA62CD2A}.Release|Any CPU.ActiveCfg = Release|Any CPU
		{E610B7A3-3330-4172-AE94-26D8FA62CD2A}.Release|Any CPU.Build.0 = Release|Any CPU
		{C2382BCA-1723-4B57-AC6E-B0117D86BA3A}.Debug|Any CPU.ActiveCfg = Debug|Any CPU
		{C2382BCA-1723-4B57-AC6E-B0117D86BA3A}.Debug|Any CPU.Build.0 = Debug|Any CPU
		{C2382BCA-1723-4B57-AC6E-B0117D86BA3A}.Release|Any CPU.ActiveCfg = Release|Any CPU
		{C2382BCA-1723-4B57-AC6E-B0117D86BA3A}.Release|Any CPU.Build.0 = Release|Any CPU
		{AF633302-323F-4CAF-80CF-AC372C9320CF}.Debug|Any CPU.ActiveCfg = Debug|Any CPU
		{AF633302-323F-4CAF-80CF-AC372C9320CF}.Debug|Any CPU.Build.0 = Debug|Any CPU
		{AF633302-323F-4CAF-80CF-AC372C9320CF}.Release|Any CPU.ActiveCfg = Release|Any CPU
		{AF633302-323F-4CAF-80CF-AC372C9320CF}.Release|Any CPU.Build.0 = Release|Any CPU
		{57B21664-E470-494D-8B86-8F40BA46AB78}.Debug|Any CPU.ActiveCfg = Debug|Any CPU
		{57B21664-E470-494D-8B86-8F40BA46AB78}.Debug|Any CPU.Build.0 = Debug|Any CPU
		{57B21664-E470-494D-8B86-8F40BA46AB78}.Release|Any CPU.ActiveCfg = Release|Any CPU
		{57B21664-E470-494D-8B86-8F40BA46AB78}.Release|Any CPU.Build.0 = Release|Any CPU
		{87B5463B-9EC0-46D0-9D49-077DCA60BC69}.Debug|Any CPU.ActiveCfg = Debug|Any CPU
		{87B5463B-9EC0-46D0-9D49-077DCA60BC69}.Debug|Any CPU.Build.0 = Debug|Any CPU
		{87B5463B-9EC0-46D0-9D49-077DCA60BC69}.Release|Any CPU.ActiveCfg = Release|Any CPU
		{87B5463B-9EC0-46D0-9D49-077DCA60BC69}.Release|Any CPU.Build.0 = Release|Any CPU
		{3B389279-8BA0-40E9-8A3D-A3D35B476D3C}.Debug|Any CPU.ActiveCfg = Debug|Any CPU
		{3B389279-8BA0-40E9-8A3D-A3D35B476D3C}.Debug|Any CPU.Build.0 = Debug|Any CPU
		{3B389279-8BA0-40E9-8A3D-A3D35B476D3C}.Release|Any CPU.ActiveCfg = Release|Any CPU
		{3B389279-8BA0-40E9-8A3D-A3D35B476D3C}.Release|Any CPU.Build.0 = Release|Any CPU
		{D7686FFC-1246-454E-8DB2-F1FA71C7FC14}.Debug|Any CPU.ActiveCfg = Debug|Any CPU
		{D7686FFC-1246-454E-8DB2-F1FA71C7FC14}.Debug|Any CPU.Build.0 = Debug|Any CPU
		{D7686FFC-1246-454E-8DB2-F1FA71C7FC14}.Release|Any CPU.ActiveCfg = Release|Any CPU
		{D7686FFC-1246-454E-8DB2-F1FA71C7FC14}.Release|Any CPU.Build.0 = Release|Any CPU
		{7E2A1C62-AFB3-42CE-98A0-76ACDF543AA7}.Debug|Any CPU.ActiveCfg = Debug|Any CPU
		{7E2A1C62-AFB3-42CE-98A0-76ACDF543AA7}.Debug|Any CPU.Build.0 = Debug|Any CPU
		{7E2A1C62-AFB3-42CE-98A0-76ACDF543AA7}.Release|Any CPU.ActiveCfg = Release|Any CPU
		{7E2A1C62-AFB3-42CE-98A0-76ACDF543AA7}.Release|Any CPU.Build.0 = Release|Any CPU
		{9F6FE679-369C-4109-845C-20E6374D9168}.Debug|Any CPU.ActiveCfg = Debug|Any CPU
		{9F6FE679-369C-4109-845C-20E6374D9168}.Debug|Any CPU.Build.0 = Debug|Any CPU
		{9F6FE679-369C-4109-845C-20E6374D9168}.Release|Any CPU.ActiveCfg = Release|Any CPU
		{9F6FE679-369C-4109-845C-20E6374D9168}.Release|Any CPU.Build.0 = Release|Any CPU
		{B3B06467-964F-4F0D-8D35-B64A80663ADE}.Debug|Any CPU.ActiveCfg = Debug|Any CPU
		{B3B06467-964F-4F0D-8D35-B64A80663ADE}.Debug|Any CPU.Build.0 = Debug|Any CPU
		{B3B06467-964F-4F0D-8D35-B64A80663ADE}.Release|Any CPU.ActiveCfg = Release|Any CPU
		{B3B06467-964F-4F0D-8D35-B64A80663ADE}.Release|Any CPU.Build.0 = Release|Any CPU
		{5DA7CE61-24AB-42B4-A3E9-176A36E48AC0}.Debug|Any CPU.ActiveCfg = Debug|Any CPU
		{5DA7CE61-24AB-42B4-A3E9-176A36E48AC0}.Debug|Any CPU.Build.0 = Debug|Any CPU
		{5DA7CE61-24AB-42B4-A3E9-176A36E48AC0}.Release|Any CPU.ActiveCfg = Release|Any CPU
		{5DA7CE61-24AB-42B4-A3E9-176A36E48AC0}.Release|Any CPU.Build.0 = Release|Any CPU
		{88A57833-ACE4-46A2-AB3B-32F02B8FE36A}.Debug|Any CPU.ActiveCfg = Debug|Any CPU
		{88A57833-ACE4-46A2-AB3B-32F02B8FE36A}.Debug|Any CPU.Build.0 = Debug|Any CPU
		{88A57833-ACE4-46A2-AB3B-32F02B8FE36A}.Release|Any CPU.ActiveCfg = Release|Any CPU
		{88A57833-ACE4-46A2-AB3B-32F02B8FE36A}.Release|Any CPU.Build.0 = Release|Any CPU
		{622F1573-E197-4950-8407-8F7E137DC5F7}.Debug|Any CPU.ActiveCfg = Debug|Any CPU
		{622F1573-E197-4950-8407-8F7E137DC5F7}.Debug|Any CPU.Build.0 = Debug|Any CPU
		{622F1573-E197-4950-8407-8F7E137DC5F7}.Release|Any CPU.ActiveCfg = Release|Any CPU
		{622F1573-E197-4950-8407-8F7E137DC5F7}.Release|Any CPU.Build.0 = Release|Any CPU
		{16044272-F1D7-4894-A473-4779A66BC27D}.Debug|Any CPU.ActiveCfg = Debug|Any CPU
		{16044272-F1D7-4894-A473-4779A66BC27D}.Debug|Any CPU.Build.0 = Debug|Any CPU
		{16044272-F1D7-4894-A473-4779A66BC27D}.Release|Any CPU.ActiveCfg = Release|Any CPU
		{16044272-F1D7-4894-A473-4779A66BC27D}.Release|Any CPU.Build.0 = Release|Any CPU
		{8DC68812-6D3F-4C04-AF96-747B247E02E3}.Debug|Any CPU.ActiveCfg = Debug|Any CPU
		{8DC68812-6D3F-4C04-AF96-747B247E02E3}.Debug|Any CPU.Build.0 = Debug|Any CPU
		{8DC68812-6D3F-4C04-AF96-747B247E02E3}.Release|Any CPU.ActiveCfg = Release|Any CPU
		{8DC68812-6D3F-4C04-AF96-747B247E02E3}.Release|Any CPU.Build.0 = Release|Any CPU
		{EF3C404B-6A77-47AA-A136-2B8522A8BAE9}.Debug|Any CPU.ActiveCfg = Debug|Any CPU
		{EF3C404B-6A77-47AA-A136-2B8522A8BAE9}.Debug|Any CPU.Build.0 = Debug|Any CPU
		{EF3C404B-6A77-47AA-A136-2B8522A8BAE9}.Release|Any CPU.ActiveCfg = Release|Any CPU
		{EF3C404B-6A77-47AA-A136-2B8522A8BAE9}.Release|Any CPU.Build.0 = Release|Any CPU
		{24481BFD-9ED0-46E6-933B-4A65BFABB5B7}.Debug|Any CPU.ActiveCfg = Debug|Any CPU
		{24481BFD-9ED0-46E6-933B-4A65BFABB5B7}.Debug|Any CPU.Build.0 = Debug|Any CPU
		{24481BFD-9ED0-46E6-933B-4A65BFABB5B7}.Release|Any CPU.ActiveCfg = Release|Any CPU
		{24481BFD-9ED0-46E6-933B-4A65BFABB5B7}.Release|Any CPU.Build.0 = Release|Any CPU
		{B0F5EB44-5FAC-4FE9-9023-765FC2A5E009}.Debug|Any CPU.ActiveCfg = Debug|Any CPU
		{B0F5EB44-5FAC-4FE9-9023-765FC2A5E009}.Debug|Any CPU.Build.0 = Debug|Any CPU
		{B0F5EB44-5FAC-4FE9-9023-765FC2A5E009}.Release|Any CPU.ActiveCfg = Release|Any CPU
		{B0F5EB44-5FAC-4FE9-9023-765FC2A5E009}.Release|Any CPU.Build.0 = Release|Any CPU
		{1CF6F8D8-B3E1-4874-ACD0-7A9D3214CAA0}.Debug|Any CPU.ActiveCfg = Debug|Any CPU
		{1CF6F8D8-B3E1-4874-ACD0-7A9D3214CAA0}.Debug|Any CPU.Build.0 = Debug|Any CPU
		{1CF6F8D8-B3E1-4874-ACD0-7A9D3214CAA0}.Release|Any CPU.ActiveCfg = Release|Any CPU
		{1CF6F8D8-B3E1-4874-ACD0-7A9D3214CAA0}.Release|Any CPU.Build.0 = Release|Any CPU
		{D0426F36-0A77-4D43-805C-9BEC77D6A26C}.Debug|Any CPU.ActiveCfg = Debug|Any CPU
		{D0426F36-0A77-4D43-805C-9BEC77D6A26C}.Debug|Any CPU.Build.0 = Debug|Any CPU
		{D0426F36-0A77-4D43-805C-9BEC77D6A26C}.Release|Any CPU.ActiveCfg = Release|Any CPU
		{D0426F36-0A77-4D43-805C-9BEC77D6A26C}.Release|Any CPU.Build.0 = Release|Any CPU
		{B04E4E1C-F6E5-43D0-ACC7-064C792C115C}.Debug|Any CPU.ActiveCfg = Debug|Any CPU
		{B04E4E1C-F6E5-43D0-ACC7-064C792C115C}.Debug|Any CPU.Build.0 = Debug|Any CPU
		{B04E4E1C-F6E5-43D0-ACC7-064C792C115C}.Release|Any CPU.ActiveCfg = Release|Any CPU
		{B04E4E1C-F6E5-43D0-ACC7-064C792C115C}.Release|Any CPU.Build.0 = Release|Any CPU
		{34388996-5FCC-4AA3-9C93-9C85258535BE}.Debug|Any CPU.ActiveCfg = Debug|Any CPU
		{34388996-5FCC-4AA3-9C93-9C85258535BE}.Debug|Any CPU.Build.0 = Debug|Any CPU
		{34388996-5FCC-4AA3-9C93-9C85258535BE}.Release|Any CPU.ActiveCfg = Release|Any CPU
		{34388996-5FCC-4AA3-9C93-9C85258535BE}.Release|Any CPU.Build.0 = Release|Any CPU
		{D310CCAE-3467-4962-8154-B24C788E55DB}.Debug|Any CPU.ActiveCfg = Debug|Any CPU
		{D310CCAE-3467-4962-8154-B24C788E55DB}.Debug|Any CPU.Build.0 = Debug|Any CPU
		{D310CCAE-3467-4962-8154-B24C788E55DB}.Release|Any CPU.ActiveCfg = Release|Any CPU
		{D310CCAE-3467-4962-8154-B24C788E55DB}.Release|Any CPU.Build.0 = Release|Any CPU
		{26A35EE8-37C2-438D-BB79-53F084F62D24}.Debug|Any CPU.ActiveCfg = Debug|Any CPU
		{26A35EE8-37C2-438D-BB79-53F084F62D24}.Debug|Any CPU.Build.0 = Debug|Any CPU
		{26A35EE8-37C2-438D-BB79-53F084F62D24}.Release|Any CPU.ActiveCfg = Release|Any CPU
		{26A35EE8-37C2-438D-BB79-53F084F62D24}.Release|Any CPU.Build.0 = Release|Any CPU
		{22CE601A-1CB4-46C5-9D6C-23F1155345F9}.Debug|Any CPU.ActiveCfg = Debug|Any CPU
		{22CE601A-1CB4-46C5-9D6C-23F1155345F9}.Debug|Any CPU.Build.0 = Debug|Any CPU
		{22CE601A-1CB4-46C5-9D6C-23F1155345F9}.Release|Any CPU.ActiveCfg = Release|Any CPU
		{22CE601A-1CB4-46C5-9D6C-23F1155345F9}.Release|Any CPU.Build.0 = Release|Any CPU
		{8CFAA7D6-3575-4344-991F-0CBE7FE3527C}.Debug|Any CPU.ActiveCfg = Debug|Any CPU
		{8CFAA7D6-3575-4344-991F-0CBE7FE3527C}.Debug|Any CPU.Build.0 = Debug|Any CPU
		{8CFAA7D6-3575-4344-991F-0CBE7FE3527C}.Release|Any CPU.ActiveCfg = Release|Any CPU
		{8CFAA7D6-3575-4344-991F-0CBE7FE3527C}.Release|Any CPU.Build.0 = Release|Any CPU
		{876017A1-2E46-46C2-B2DC-943FE1FFB3F2}.Debug|Any CPU.ActiveCfg = Debug|Any CPU
		{876017A1-2E46-46C2-B2DC-943FE1FFB3F2}.Debug|Any CPU.Build.0 = Debug|Any CPU
		{876017A1-2E46-46C2-B2DC-943FE1FFB3F2}.Release|Any CPU.ActiveCfg = Release|Any CPU
		{876017A1-2E46-46C2-B2DC-943FE1FFB3F2}.Release|Any CPU.Build.0 = Release|Any CPU
		{02B63C29-FB0B-4D44-A489-6ECEAF7FB52C}.Debug|Any CPU.ActiveCfg = Debug|Any CPU
		{02B63C29-FB0B-4D44-A489-6ECEAF7FB52C}.Debug|Any CPU.Build.0 = Debug|Any CPU
		{02B63C29-FB0B-4D44-A489-6ECEAF7FB52C}.Release|Any CPU.ActiveCfg = Release|Any CPU
		{02B63C29-FB0B-4D44-A489-6ECEAF7FB52C}.Release|Any CPU.Build.0 = Release|Any CPU
		{C53DA24A-4CF6-4891-BC44-792C13AA4B3C}.Debug|Any CPU.ActiveCfg = Debug|Any CPU
		{C53DA24A-4CF6-4891-BC44-792C13AA4B3C}.Debug|Any CPU.Build.0 = Debug|Any CPU
		{C53DA24A-4CF6-4891-BC44-792C13AA4B3C}.Release|Any CPU.ActiveCfg = Release|Any CPU
		{C53DA24A-4CF6-4891-BC44-792C13AA4B3C}.Release|Any CPU.Build.0 = Release|Any CPU
		{D4B68107-B529-44B4-8819-4C2EE39FD6D6}.Debug|Any CPU.ActiveCfg = Debug|Any CPU
		{D4B68107-B529-44B4-8819-4C2EE39FD6D6}.Debug|Any CPU.Build.0 = Debug|Any CPU
		{D4B68107-B529-44B4-8819-4C2EE39FD6D6}.Release|Any CPU.ActiveCfg = Release|Any CPU
		{D4B68107-B529-44B4-8819-4C2EE39FD6D6}.Release|Any CPU.Build.0 = Release|Any CPU
		{A02EAC24-6984-40F9-BF62-749764803AF6}.Debug|Any CPU.ActiveCfg = Debug|Any CPU
		{A02EAC24-6984-40F9-BF62-749764803AF6}.Debug|Any CPU.Build.0 = Debug|Any CPU
		{A02EAC24-6984-40F9-BF62-749764803AF6}.Release|Any CPU.ActiveCfg = Release|Any CPU
		{A02EAC24-6984-40F9-BF62-749764803AF6}.Release|Any CPU.Build.0 = Release|Any CPU
		{BACF0BA2-E9FA-4EF1-8F29-66E6565AD7EB}.Debug|Any CPU.ActiveCfg = Debug|Any CPU
		{BACF0BA2-E9FA-4EF1-8F29-66E6565AD7EB}.Debug|Any CPU.Build.0 = Debug|Any CPU
		{BACF0BA2-E9FA-4EF1-8F29-66E6565AD7EB}.Release|Any CPU.ActiveCfg = Release|Any CPU
		{BACF0BA2-E9FA-4EF1-8F29-66E6565AD7EB}.Release|Any CPU.Build.0 = Release|Any CPU
		{1FF3E3C1-5122-4FE8-8B72-3C76788F0D10}.Debug|Any CPU.ActiveCfg = Debug|Any CPU
		{1FF3E3C1-5122-4FE8-8B72-3C76788F0D10}.Debug|Any CPU.Build.0 = Debug|Any CPU
		{1FF3E3C1-5122-4FE8-8B72-3C76788F0D10}.Release|Any CPU.ActiveCfg = Release|Any CPU
		{1FF3E3C1-5122-4FE8-8B72-3C76788F0D10}.Release|Any CPU.Build.0 = Release|Any CPU
		{62892341-6061-49BB-8D66-B3E026EA49BA}.Debug|Any CPU.ActiveCfg = Debug|Any CPU
		{62892341-6061-49BB-8D66-B3E026EA49BA}.Debug|Any CPU.Build.0 = Debug|Any CPU
		{62892341-6061-49BB-8D66-B3E026EA49BA}.Release|Any CPU.ActiveCfg = Release|Any CPU
		{62892341-6061-49BB-8D66-B3E026EA49BA}.Release|Any CPU.Build.0 = Release|Any CPU
		{05ACF154-7647-4992-B709-E28C863C383C}.Debug|Any CPU.ActiveCfg = Debug|Any CPU
		{05ACF154-7647-4992-B709-E28C863C383C}.Debug|Any CPU.Build.0 = Debug|Any CPU
		{05ACF154-7647-4992-B709-E28C863C383C}.Release|Any CPU.ActiveCfg = Release|Any CPU
		{05ACF154-7647-4992-B709-E28C863C383C}.Release|Any CPU.Build.0 = Release|Any CPU
		{A59DA62E-C849-4621-9B13-5E6F0307730D}.Debug|Any CPU.ActiveCfg = Debug|Any CPU
		{A59DA62E-C849-4621-9B13-5E6F0307730D}.Debug|Any CPU.Build.0 = Debug|Any CPU
		{A59DA62E-C849-4621-9B13-5E6F0307730D}.Release|Any CPU.ActiveCfg = Release|Any CPU
		{A59DA62E-C849-4621-9B13-5E6F0307730D}.Release|Any CPU.Build.0 = Release|Any CPU
		{0BAEA719-C164-4835-9F45-CEB83748B227}.Debug|Any CPU.ActiveCfg = Debug|Any CPU
		{0BAEA719-C164-4835-9F45-CEB83748B227}.Debug|Any CPU.Build.0 = Debug|Any CPU
		{0BAEA719-C164-4835-9F45-CEB83748B227}.Release|Any CPU.ActiveCfg = Release|Any CPU
		{0BAEA719-C164-4835-9F45-CEB83748B227}.Release|Any CPU.Build.0 = Release|Any CPU
		{9502C5F5-555C-488C-9D57-397CE04B7FEF}.Debug|Any CPU.ActiveCfg = Debug|Any CPU
		{9502C5F5-555C-488C-9D57-397CE04B7FEF}.Debug|Any CPU.Build.0 = Debug|Any CPU
		{9502C5F5-555C-488C-9D57-397CE04B7FEF}.Release|Any CPU.ActiveCfg = Release|Any CPU
		{9502C5F5-555C-488C-9D57-397CE04B7FEF}.Release|Any CPU.Build.0 = Release|Any CPU
		{3C03A3AB-D92E-48DB-BD57-DACD2C8E88CD}.Debug|Any CPU.ActiveCfg = Debug|Any CPU
		{3C03A3AB-D92E-48DB-BD57-DACD2C8E88CD}.Debug|Any CPU.Build.0 = Debug|Any CPU
		{3C03A3AB-D92E-48DB-BD57-DACD2C8E88CD}.Release|Any CPU.ActiveCfg = Release|Any CPU
		{3C03A3AB-D92E-48DB-BD57-DACD2C8E88CD}.Release|Any CPU.Build.0 = Release|Any CPU
		{7F3F88D9-DE3A-4B92-9B1F-FCAF4D080E94}.Debug|Any CPU.ActiveCfg = Debug|Any CPU
		{7F3F88D9-DE3A-4B92-9B1F-FCAF4D080E94}.Debug|Any CPU.Build.0 = Debug|Any CPU
		{7F3F88D9-DE3A-4B92-9B1F-FCAF4D080E94}.Release|Any CPU.ActiveCfg = Release|Any CPU
		{7F3F88D9-DE3A-4B92-9B1F-FCAF4D080E94}.Release|Any CPU.Build.0 = Release|Any CPU
		{01359404-48EF-4919-9289-A5C7257635AC}.Debug|Any CPU.ActiveCfg = Debug|Any CPU
		{01359404-48EF-4919-9289-A5C7257635AC}.Debug|Any CPU.Build.0 = Debug|Any CPU
		{01359404-48EF-4919-9289-A5C7257635AC}.Release|Any CPU.ActiveCfg = Release|Any CPU
		{01359404-48EF-4919-9289-A5C7257635AC}.Release|Any CPU.Build.0 = Release|Any CPU
	EndGlobalSection
	GlobalSection(SolutionProperties) = preSolution
		HideSolutionNode = FALSE
	EndGlobalSection
	GlobalSection(NestedProjects) = preSolution
		{DD45B404-3F51-4011-9811-76279AD9DE78} = {06369695-5AB7-4C57-89FA-50E92BD9A878}
		{6C283520-180B-4C1F-8A99-E13D9732DCFE} = {06369695-5AB7-4C57-89FA-50E92BD9A878}
		{E26CD44E-3C28-402F-888E-A1EAE89C1AED} = {06369695-5AB7-4C57-89FA-50E92BD9A878}
		{A3F9B039-B758-466A-A313-653A083D987F} = {06369695-5AB7-4C57-89FA-50E92BD9A878}
		{9D1BEADF-FCD8-4347-9BCF-49F78E106E0B} = {06369695-5AB7-4C57-89FA-50E92BD9A878}
		{E610B7A3-3330-4172-AE94-26D8FA62CD2A} = {06369695-5AB7-4C57-89FA-50E92BD9A878}
		{C2382BCA-1723-4B57-AC6E-B0117D86BA3A} = {8643B6B3-7FDE-4554-95D1-09CB0FC4B806}
		{AF633302-323F-4CAF-80CF-AC372C9320CF} = {8643B6B3-7FDE-4554-95D1-09CB0FC4B806}
		{57B21664-E470-494D-8B86-8F40BA46AB78} = {8643B6B3-7FDE-4554-95D1-09CB0FC4B806}
		{87B5463B-9EC0-46D0-9D49-077DCA60BC69} = {8643B6B3-7FDE-4554-95D1-09CB0FC4B806}
		{3B389279-8BA0-40E9-8A3D-A3D35B476D3C} = {8643B6B3-7FDE-4554-95D1-09CB0FC4B806}
		{D7686FFC-1246-454E-8DB2-F1FA71C7FC14} = {619E3168-7BF8-449F-A5FA-F3284E53B63F}
		{7E2A1C62-AFB3-42CE-98A0-76ACDF543AA7} = {619E3168-7BF8-449F-A5FA-F3284E53B63F}
		{9F6FE679-369C-4109-845C-20E6374D9168} = {619E3168-7BF8-449F-A5FA-F3284E53B63F}
		{B3B06467-964F-4F0D-8D35-B64A80663ADE} = {619E3168-7BF8-449F-A5FA-F3284E53B63F}
		{5DA7CE61-24AB-42B4-A3E9-176A36E48AC0} = {619E3168-7BF8-449F-A5FA-F3284E53B63F}
		{88A57833-ACE4-46A2-AB3B-32F02B8FE36A} = {619E3168-7BF8-449F-A5FA-F3284E53B63F}
		{622F1573-E197-4950-8407-8F7E137DC5F7} = {97CB580C-67E5-4164-BF11-B45C039A12BA}
		{16044272-F1D7-4894-A473-4779A66BC27D} = {97CB580C-67E5-4164-BF11-B45C039A12BA}
		{8DC68812-6D3F-4C04-AF96-747B247E02E3} = {97CB580C-67E5-4164-BF11-B45C039A12BA}
		{EF3C404B-6A77-47AA-A136-2B8522A8BAE9} = {A3024FAD-21F2-409B-B992-EDAB6E0513AC}
		{24481BFD-9ED0-46E6-933B-4A65BFABB5B7} = {97CB580C-67E5-4164-BF11-B45C039A12BA}
		{B0F5EB44-5FAC-4FE9-9023-765FC2A5E009} = {6F32739B-0A43-4835-A69F-B43F8F1D4166}
		{1CF6F8D8-B3E1-4874-ACD0-7A9D3214CAA0} = {6F32739B-0A43-4835-A69F-B43F8F1D4166}
		{D0426F36-0A77-4D43-805C-9BEC77D6A26C} = {94171F4E-A070-4F00-9075-F9067F3D93CB}
		{B04E4E1C-F6E5-43D0-ACC7-064C792C115C} = {94171F4E-A070-4F00-9075-F9067F3D93CB}
		{34388996-5FCC-4AA3-9C93-9C85258535BE} = {94171F4E-A070-4F00-9075-F9067F3D93CB}
		{D310CCAE-3467-4962-8154-B24C788E55DB} = {94171F4E-A070-4F00-9075-F9067F3D93CB}
		{26A35EE8-37C2-438D-BB79-53F084F62D24} = {94171F4E-A070-4F00-9075-F9067F3D93CB}
		{22CE601A-1CB4-46C5-9D6C-23F1155345F9} = {94171F4E-A070-4F00-9075-F9067F3D93CB}
		{8CFAA7D6-3575-4344-991F-0CBE7FE3527C} = {94171F4E-A070-4F00-9075-F9067F3D93CB}
		{876017A1-2E46-46C2-B2DC-943FE1FFB3F2} = {94171F4E-A070-4F00-9075-F9067F3D93CB}
		{02B63C29-FB0B-4D44-A489-6ECEAF7FB52C} = {F3CE9483-78FA-49A7-8710-96E1EC399D61}
		{C53DA24A-4CF6-4891-BC44-792C13AA4B3C} = {F3CE9483-78FA-49A7-8710-96E1EC399D61}
		{C1B7399C-7A36-4343-A688-0F1099E3B085} = {6F32739B-0A43-4835-A69F-B43F8F1D4166}
		{D4B68107-B529-44B4-8819-4C2EE39FD6D6} = {C1B7399C-7A36-4343-A688-0F1099E3B085}
		{A02EAC24-6984-40F9-BF62-749764803AF6} = {C1B7399C-7A36-4343-A688-0F1099E3B085}
		{BACF0BA2-E9FA-4EF1-8F29-66E6565AD7EB} = {C1B7399C-7A36-4343-A688-0F1099E3B085}
		{1FF3E3C1-5122-4FE8-8B72-3C76788F0D10} = {C1B7399C-7A36-4343-A688-0F1099E3B085}
		{62892341-6061-49BB-8D66-B3E026EA49BA} = {C1B7399C-7A36-4343-A688-0F1099E3B085}
		{05ACF154-7647-4992-B709-E28C863C383C} = {C1B7399C-7A36-4343-A688-0F1099E3B085}
		{A59DA62E-C849-4621-9B13-5E6F0307730D} = {C1B7399C-7A36-4343-A688-0F1099E3B085}
		{0BAEA719-C164-4835-9F45-CEB83748B227} = {C1B7399C-7A36-4343-A688-0F1099E3B085}
		{351594C1-F3FF-4DA5-AA1B-224EF7EC97E5} = {735C4063-6403-442F-BE3E-83F1DD61D3C0}
		{9502C5F5-555C-488C-9D57-397CE04B7FEF} = {351594C1-F3FF-4DA5-AA1B-224EF7EC97E5}
		{C6A01D3A-3614-4B3A-A508-9B5896A664D9} = {735C4063-6403-442F-BE3E-83F1DD61D3C0}
		{3C03A3AB-D92E-48DB-BD57-DACD2C8E88CD} = {C6A01D3A-3614-4B3A-A508-9B5896A664D9}
		{7E24FC06-D4DB-4FCD-B53C-DB408598B64A} = {735C4063-6403-442F-BE3E-83F1DD61D3C0}
		{7F3F88D9-DE3A-4B92-9B1F-FCAF4D080E94} = {7E24FC06-D4DB-4FCD-B53C-DB408598B64A}
		{FDC5BE17-873F-4B7C-AE71-3C57281E6A07} = {03D05584-B1F1-41B7-9443-A0AC67715E79}
		{01359404-48EF-4919-9289-A5C7257635AC} = {FDC5BE17-873F-4B7C-AE71-3C57281E6A07}
	EndGlobalSection
	GlobalSection(ExtensibilityGlobals) = postSolution
		SolutionGuid = {398003F2-FEFC-46CD-8380-85924130F2DD}
	EndGlobalSection
EndGlobal
